
Microsoft Visual Studio Solution File, Format Version 12.00
# Visual Studio Version 17
VisualStudioVersion = 17.2.32630.192
MinimumVisualStudioVersion = 10.0.40219.1
Project("{FAE04EC0-301F-11D3-BF4B-00C04F79EFBC}") = "VideoScroller", "VideoScroller\VideoScroller.csproj", "{8D0F0F5D-C8BF-4BC7-87C7-A535A1488F25}"
EndProject
Global
	GlobalSection(SolutionConfigurationPlatforms) = preSolution
		Debug|Any CPU = Debug|Any CPU
		Release|Any CPU = Release|Any CPU
	EndGlobalSection
	GlobalSection(ProjectConfigurationPlatforms) = postSolution
		{8D0F0F5D-C8BF-4BC7-87C7-A535A1488F25}.Debug|Any CPU.ActiveCfg = Debug|Any CPU
		{8D0F0F5D-C8BF-4BC7-87C7-A535A1488F25}.Debug|Any CPU.Build.0 = Debug|Any CPU
		{8D0F0F5D-C8BF-4BC7-87C7-A535A1488F25}.Release|Any CPU.ActiveCfg = Release|Any CPU
		{8D0F0F5D-C8BF-4BC7-87C7-A535A1488F25}.Release|Any CPU.Build.0 = Release|Any CPU
	EndGlobalSection
	GlobalSection(SolutionProperties) = preSolution
		HideSolutionNode = FALSE
	EndGlobalSection
	GlobalSection(ExtensibilityGlobals) = postSolution
		SolutionGuid = {44F37F97-D468-4164-A26C-A2A8A4CCB889}
	EndGlobalSection
EndGlobal
